Microsoft Visual Studio Solution File, Format Version 12.00
# Visual Studio Version 17
VisualStudioVersion = 17.5.2.0
MinimumVisualStudioVersion = 10.0.40219.1
Project("{FAE04EC0-301F-11D3-BF4B-00C04F79EFBC}") = "OTUS-Algos-HW-6", "OTUS-Algos-HW-6.csproj", "{CB086F0D-42B8-5A77-4BA1-3608DB6AB39E}"
EndProject
Global
	GlobalSection(SolutionConfigurationPlatforms) = preSolution
		Debug|Any CPU = Debug|Any CPU
		Release|Any CPU = Release|Any CPU
	EndGlobalSection
	GlobalSection(ProjectConfigurationPlatforms) = postSolution
		{CB086F0D-42B8-5A77-4BA1-3608DB6AB39E}.Debug|Any CPU.ActiveCfg = Debug|Any CPU
		{CB086F0D-42B8-5A77-4BA1-3608DB6AB39E}.Debug|Any CPU.Build.0 = Debug|Any CPU
		{CB086F0D-42B8-5A77-4BA1-3608DB6AB39E}.Release|Any CPU.ActiveCfg = Release|Any CPU
		{CB086F0D-42B8-5A77-4BA1-3608DB6AB39E}.Release|Any CPU.Build.0 = Release|Any CPU
	EndGlobalSection
	GlobalSection(SolutionProperties) = preSolution
		HideSolutionNode = FALSE
	EndGlobalSection
	GlobalSection(ExtensibilityGlobals) = postSolution
		SolutionGuid = {45F2E824-D65E-4003-B3CF-96C91B937107}
	EndGlobalSection
EndGlobal
