Microsoft Visual Studio Solution File, Format Version 12.00
# Visual Studio Version 17
VisualStudioVersion = 17.5.2.0
MinimumVisualStudioVersion = 10.0.40219.1
Project("{FAE04EC0-301F-11D3-BF4B-00C04F79EFBC}") = "OTUS-Algos-HW-15", "OTUS-Algos-HW-15.csproj", "{F02D990D-8181-6E16-0E3D-CAE83C46EFAA}"
EndProject
Global
	GlobalSection(SolutionConfigurationPlatforms) = preSolution
		Debug|Any CPU = Debug|Any CPU
		Release|Any CPU = Release|Any CPU
	EndGlobalSection
	GlobalSection(ProjectConfigurationPlatforms) = postSolution
		{F02D990D-8181-6E16-0E3D-CAE83C46EFAA}.Debug|Any CPU.ActiveCfg = Debug|Any CPU
		{F02D990D-8181-6E16-0E3D-CAE83C46EFAA}.Debug|Any CPU.Build.0 = Debug|Any CPU
		{F02D990D-8181-6E16-0E3D-CAE83C46EFAA}.Release|Any CPU.ActiveCfg = Release|Any CPU
		{F02D990D-8181-6E16-0E3D-CAE83C46EFAA}.Release|Any CPU.Build.0 = Release|Any CPU
	EndGlobalSection
	GlobalSection(SolutionProperties) = preSolution
		HideSolutionNode = FALSE
	EndGlobalSection
	GlobalSection(ExtensibilityGlobals) = postSolution
		SolutionGuid = {15EA477E-1894-4F10-B222-2C9813908ABC}
	EndGlobalSection
EndGlobal
