Microsoft Visual Studio Solution File, Format Version 12.00
# Visual Studio Version 17
VisualStudioVersion = 17.5.2.0
MinimumVisualStudioVersion = 10.0.40219.1
Project("{FAE04EC0-301F-11D3-BF4B-00C04F79EFBC}") = "OTUS-Algos-HW-16", "OTUS-Algos-HW-16.csproj", "{45B53DC6-4B45-1D63-2D26-0F140EF0A1FA}"
EndProject
Global
	GlobalSection(SolutionConfigurationPlatforms) = preSolution
		Debug|Any CPU = Debug|Any CPU
		Release|Any CPU = Release|Any CPU
	EndGlobalSection
	GlobalSection(ProjectConfigurationPlatforms) = postSolution
		{45B53DC6-4B45-1D63-2D26-0F140EF0A1FA}.Debug|Any CPU.ActiveCfg = Debug|Any CPU
		{45B53DC6-4B45-1D63-2D26-0F140EF0A1FA}.Debug|Any CPU.Build.0 = Debug|Any CPU
		{45B53DC6-4B45-1D63-2D26-0F140EF0A1FA}.Release|Any CPU.ActiveCfg = Release|Any CPU
		{45B53DC6-4B45-1D63-2D26-0F140EF0A1FA}.Release|Any CPU.Build.0 = Release|Any CPU
	EndGlobalSection
	GlobalSection(SolutionProperties) = preSolution
		HideSolutionNode = FALSE
	EndGlobalSection
	GlobalSection(ExtensibilityGlobals) = postSolution
		SolutionGuid = {7936D4E9-72C6-4F92-90A2-773714E5FF09}
	EndGlobalSection
EndGlobal
