Microsoft Visual Studio Solution File, Format Version 12.00
# Visual Studio Version 17
VisualStudioVersion = 17.5.2.0
MinimumVisualStudioVersion = 10.0.40219.1
Project("{FAE04EC0-301F-11D3-BF4B-00C04F79EFBC}") = "OTUS-Algos-HW-4", "OTUS-Algos-HW-4.csproj", "{F8C18EDA-D990-D2FD-2F9D-1705E43D6F0E}"
EndProject
Global
	GlobalSection(SolutionConfigurationPlatforms) = preSolution
		Debug|Any CPU = Debug|Any CPU
		Release|Any CPU = Release|Any CPU
	EndGlobalSection
	GlobalSection(ProjectConfigurationPlatforms) = postSolution
		{F8C18EDA-D990-D2FD-2F9D-1705E43D6F0E}.Debug|Any CPU.ActiveCfg = Debug|Any CPU
		{F8C18EDA-D990-D2FD-2F9D-1705E43D6F0E}.Debug|Any CPU.Build.0 = Debug|Any CPU
		{F8C18EDA-D990-D2FD-2F9D-1705E43D6F0E}.Release|Any CPU.ActiveCfg = Release|Any CPU
		{F8C18EDA-D990-D2FD-2F9D-1705E43D6F0E}.Release|Any CPU.Build.0 = Release|Any CPU
	EndGlobalSection
	GlobalSection(SolutionProperties) = preSolution
		HideSolutionNode = FALSE
	EndGlobalSection
	GlobalSection(ExtensibilityGlobals) = postSolution
		SolutionGuid = {AD8B5292-39A6-4252-B3B0-118633625687}
	EndGlobalSection
EndGlobal
