Microsoft Visual Studio Solution File, Format Version 12.00
# Visual Studio Version 17
VisualStudioVersion = 17.5.2.0
MinimumVisualStudioVersion = 10.0.40219.1
Project("{FAE04EC0-301F-11D3-BF4B-00C04F79EFBC}") = "OTUS-Algos-HW-3", "OTUS-Algos-HW-3.csproj", "{37C9C490-B166-3A70-D926-07D2590D902E}"
EndProject
Global
	GlobalSection(SolutionConfigurationPlatforms) = preSolution
		Debug|Any CPU = Debug|Any CPU
		Release|Any CPU = Release|Any CPU
	EndGlobalSection
	GlobalSection(ProjectConfigurationPlatforms) = postSolution
		{37C9C490-B166-3A70-D926-07D2590D902E}.Debug|Any CPU.ActiveCfg = Debug|Any CPU
		{37C9C490-B166-3A70-D926-07D2590D902E}.Debug|Any CPU.Build.0 = Debug|Any CPU
		{37C9C490-B166-3A70-D926-07D2590D902E}.Release|Any CPU.ActiveCfg = Release|Any CPU
		{37C9C490-B166-3A70-D926-07D2590D902E}.Release|Any CPU.Build.0 = Release|Any CPU
	EndGlobalSection
	GlobalSection(SolutionProperties) = preSolution
		HideSolutionNode = FALSE
	EndGlobalSection
	GlobalSection(ExtensibilityGlobals) = postSolution
		SolutionGuid = {2BAAE1A1-81CB-4849-9B06-3F1309F71E1C}
	EndGlobalSection
EndGlobal
