Microsoft Visual Studio Solution File, Format Version 12.00
# Visual Studio Version 17
VisualStudioVersion = 17.5.2.0
MinimumVisualStudioVersion = 10.0.40219.1
Project("{FAE04EC0-301F-11D3-BF4B-00C04F79EFBC}") = "OTUS-Algos-HW-8", "OTUS-Algos-HW-8.csproj", "{C5D59130-7D50-1E9D-2CC8-9CBCF77C4532}"
EndProject
Global
	GlobalSection(SolutionConfigurationPlatforms) = preSolution
		Debug|Any CPU = Debug|Any CPU
		Release|Any CPU = Release|Any CPU
	EndGlobalSection
	GlobalSection(ProjectConfigurationPlatforms) = postSolution
		{C5D59130-7D50-1E9D-2CC8-9CBCF77C4532}.Debug|Any CPU.ActiveCfg = Debug|Any CPU
		{C5D59130-7D50-1E9D-2CC8-9CBCF77C4532}.Debug|Any CPU.Build.0 = Debug|Any CPU
		{C5D59130-7D50-1E9D-2CC8-9CBCF77C4532}.Release|Any CPU.ActiveCfg = Release|Any CPU
		{C5D59130-7D50-1E9D-2CC8-9CBCF77C4532}.Release|Any CPU.Build.0 = Release|Any CPU
	EndGlobalSection
	GlobalSection(SolutionProperties) = preSolution
		HideSolutionNode = FALSE
	EndGlobalSection
	GlobalSection(ExtensibilityGlobals) = postSolution
		SolutionGuid = {68FD675A-2020-47D8-8EED-21754C986EA2}
	EndGlobalSection
EndGlobal
